
Microsoft Visual Studio Solution File, Format Version 12.00
# Visual Studio Version 17
VisualStudioVersion = 17.9.34723.18
MinimumVisualStudioVersion = 10.0.40219.1
Project("{FAE04EC0-301F-11D3-BF4B-00C04F79EFBC}") = "ListaDeContatoT6", "ListaDeContatoT6.csproj", "{AF10066F-4D13-48C7-9102-7E2E790767A2}"
EndProject
Global
	GlobalSection(SolutionConfigurationPlatforms) = preSolution
		Debug|Any CPU = Debug|Any CPU
		Release|Any CPU = Release|Any CPU
	EndGlobalSection
	GlobalSection(ProjectConfigurationPlatforms) = postSolution
		{AF10066F-4D13-48C7-9102-7E2E790767A2}.Debug|Any CPU.ActiveCfg = Debug|Any CPU
		{AF10066F-4D13-48C7-9102-7E2E790767A2}.Debug|Any CPU.Build.0 = Debug|Any CPU
		{AF10066F-4D13-48C7-9102-7E2E790767A2}.Release|Any CPU.ActiveCfg = Release|Any CPU
		{AF10066F-4D13-48C7-9102-7E2E790767A2}.Release|Any CPU.Build.0 = Release|Any CPU
	EndGlobalSection
	GlobalSection(SolutionProperties) = preSolution
		HideSolutionNode = FALSE
	EndGlobalSection
	GlobalSection(ExtensibilityGlobals) = postSolution
		SolutionGuid = {51DA00FF-5617-4748-BD83-22D7EB5D64BA}
	EndGlobalSection
EndGlobal
